
Microsoft Visual Studio Solution File, Format Version 11.00
# Visual Studio 2010
Project("{2150E333-8FDC-42A3-9474-1A3956D46DE8}") = "Solution Items", "Solution Items", "{E05CD83A-0107-4905-A579-70D02D192399}"
	ProjectSection(SolutionItems) = preProject
		ReadMe.txt = ReadMe.txt
	EndProjectSection
EndProject
Project("{FAE04EC0-301F-11D3-BF4B-00C04F79EFBC}") = "QuickQueryEditor", "Aplication\QuickQueryEditor.csproj", "{A1EF9B00-AEFF-4ED0-8DDE-9A1F158B69FA}"
EndProject
Project("{54435603-DBB4-11D2-8724-00A0C9A8B90C}") = "Setup", "Setup\Setup.vdproj", "{2E53AE50-139D-49F8-9A6A-143512E06192}"
EndProject
Global
	GlobalSection(TeamFoundationVersionControl) = preSolution
		SccNumberOfProjects = 3
		SccEnterpriseProvider = {4CA58AB2-18FA-4F8D-95D4-32DDF27D184C}
		SccTeamFoundationServer = https://tfs.codeplex.com/tfs/tfs10
		SccLocalPath0 = .
		SccProjectUniqueName1 = Aplication\\QuickQueryEditor.csproj
		SccProjectName1 = Aplication
		SccLocalPath1 = Aplication
		SccProjectUniqueName2 = Setup\\Setup.vdproj
		SccProjectName2 = Setup
		SccLocalPath2 = Setup
	EndGlobalSection
	GlobalSection(SolutionConfigurationPlatforms) = preSolution
		Debug|Any CPU = Debug|Any CPU
		Release|Any CPU = Release|Any CPU
	EndGlobalSection
	GlobalSection(ProjectConfigurationPlatforms) = postSolution
		{A1EF9B00-AEFF-4ED0-8DDE-9A1F158B69FA}.Debug|Any CPU.ActiveCfg = Debug|Any CPU
		{A1EF9B00-AEFF-4ED0-8DDE-9A1F158B69FA}.Debug|Any CPU.Build.0 = Debug|Any CPU
		{A1EF9B00-AEFF-4ED0-8DDE-9A1F158B69FA}.Release|Any CPU.ActiveCfg = Release|Any CPU
		{A1EF9B00-AEFF-4ED0-8DDE-9A1F158B69FA}.Release|Any CPU.Build.0 = Release|Any CPU
		{2E53AE50-139D-49F8-9A6A-143512E06192}.Debug|Any CPU.ActiveCfg = Debug
		{2E53AE50-139D-49F8-9A6A-143512E06192}.Debug|Any CPU.Build.0 = Debug
		{2E53AE50-139D-49F8-9A6A-143512E06192}.Release|Any CPU.ActiveCfg = Release
		{2E53AE50-139D-49F8-9A6A-143512E06192}.Release|Any CPU.Build.0 = Release
	EndGlobalSection
	GlobalSection(SolutionProperties) = preSolution
		HideSolutionNode = FALSE
	EndGlobalSection
EndGlobal
